// !$*UTF8*$!
{
	archiveVersion = 1;
	classes = {
	};
	objectVersion = 46;
	objects = {

/* Begin PBXBuildFile section */
		5531060E1EC3C82E00A99865 /* TVSignInViewController.m in Sources */ = {isa = PBXBuildFile; fileRef = 5531060D1EC3C82E00A99865 /* TVSignInViewController.m */; };
		555C1B0C1EC0DD8600FCED35 /* main.m in Sources */ = {isa = PBXBuildFile; fileRef = 555C1B0B1EC0DD8600FCED35 /* main.m */; };
		555C1B0F1EC0DD8600FCED35 /* AppDelegate.m in Sources */ = {isa = PBXBuildFile; fileRef = 555C1B0E1EC0DD8600FCED35 /* AppDelegate.m */; };
		555C1B151EC0DD8700FCED35 /* Main.storyboard in Resources */ = {isa = PBXBuildFile; fileRef = 555C1B131EC0DD8700FCED35 /* Main.storyboard */; };
		555C1B171EC0DD8700FCED35 /* Assets.xcassets in Resources */ = {isa = PBXBuildFile; fileRef = 555C1B161EC0DD8700FCED35 /* Assets.xcassets */; };
		555C1B1A1EC0DD8700FCED35 /* LaunchScreen.storyboard in Resources */ = {isa = PBXBuildFile; fileRef = 555C1B181EC0DD8700FCED35 /* LaunchScreen.storyboard */; };
		555C1B221EC0DFFE00FCED35 /* GoogleService-Info.plist in Resources */ = {isa = PBXBuildFile; fileRef = 555C1B211EC0DFFE00FCED35 /* GoogleService-Info.plist */; };
		555C1B261EC0EBE300FCED35 /* LoginViewController.m in Sources */ = {isa = PBXBuildFile; fileRef = 555C1B251EC0EBE300FCED35 /* LoginViewController.m */; };
		555C1B2A1EC0EFB900FCED35 /* HomeViewController.m in Sources */ = {isa = PBXBuildFile; fileRef = 555C1B291EC0EFB900FCED35 /* HomeViewController.m */; };
		555C1B2E1EC10E6300FCED35 /* NewTodoViewController.m in Sources */ = {isa = PBXBuildFile; fileRef = 555C1B2D1EC10E6300FCED35 /* NewTodoViewController.m */; };
		555C1B311EC1430200FCED35 /* Todo.m in Sources */ = {isa = PBXBuildFile; fileRef = 555C1B301EC1430200FCED35 /* Todo.m */; };
		555C1B381EC233B200FCED35 /* Interface.storyboard in Resources */ = {isa = PBXBuildFile; fileRef = 555C1B361EC233B200FCED35 /* Interface.storyboard */; };
		555C1B3A1EC233B200FCED35 /* Assets.xcassets in Resources */ = {isa = PBXBuildFile; fileRef = 555C1B391EC233B200FCED35 /* Assets.xcassets */; };
		555C1B411EC233B200FCED35 /* WatchkitTodoList Extension.appex in Embed App Extensions */ = {isa = PBXBuildFile; fileRef = 555C1B401EC233B200FCED35 /* WatchkitTodoList Extension.appex */; settings = {ATTRIBUTES = (RemoveHeadersOnCopy, ); }; };
		555C1B4A1EC233B200FCED35 /* ExtensionDelegate.m in Sources */ = {isa = PBXBuildFile; fileRef = 555C1B491EC233B200FCED35 /* ExtensionDelegate.m */; };
		555C1B4C1EC233B200FCED35 /* Assets.xcassets in Resources */ = {isa = PBXBuildFile; fileRef = 555C1B4B1EC233B200FCED35 /* Assets.xcassets */; };
		555C1B501EC233B200FCED35 /* WatchkitTodoList.app in Embed Watch Content */ = {isa = PBXBuildFile; fileRef = 555C1B341EC233B200FCED35 /* WatchkitTodoList.app */; };
		555C1B5B1EC23F4F00FCED35 /* TodoRowController.m in Sources */ = {isa = PBXBuildFile; fileRef = 555C1B5A1EC23F4F00FCED35 /* TodoRowController.m */; };
		555C1B5C1EC2427200FCED35 /* Todo.m in Sources */ = {isa = PBXBuildFile; fileRef = 555C1B301EC1430200FCED35 /* Todo.m */; };
		555C1B651EC246C800FCED35 /* main.m in Sources */ = {isa = PBXBuildFile; fileRef = 555C1B641EC246C800FCED35 /* main.m */; };
		555C1B681EC246C800FCED35 /* AppDelegate.m in Sources */ = {isa = PBXBuildFile; fileRef = 555C1B671EC246C800FCED35 /* AppDelegate.m */; };
		555C1B6E1EC246C800FCED35 /* Main.storyboard in Resources */ = {isa = PBXBuildFile; fileRef = 555C1B6C1EC246C800FCED35 /* Main.storyboard */; };
		555C1B701EC246C800FCED35 /* Assets.xcassets in Resources */ = {isa = PBXBuildFile; fileRef = 555C1B6F1EC246C800FCED35 /* Assets.xcassets */; };
		555C1B7A1EC248AF00FCED35 /* TVHomeViewController.m in Sources */ = {isa = PBXBuildFile; fileRef = 555C1B791EC248AF00FCED35 /* TVHomeViewController.m */; };
		555C1B7B1EC249CB00FCED35 /* Todo.m in Sources */ = {isa = PBXBuildFile; fileRef = 555C1B301EC1430200FCED35 /* Todo.m */; };
		555C1B7E1EC26DD400FCED35 /* WatchToDoDetailController.m in Sources */ = {isa = PBXBuildFile; fileRef = 555C1B7D1EC26DD400FCED35 /* WatchToDoDetailController.m */; };
		555C1B811EC28E1C00FCED35 /* HomeInterfaceController.m in Sources */ = {isa = PBXBuildFile; fileRef = 555C1B801EC28E1C00FCED35 /* HomeInterfaceController.m */; };
		555C1B841EC2CBE300FCED35 /* TVDetailViewController.m in Sources */ = {isa = PBXBuildFile; fileRef = 555C1B831EC2CBE300FCED35 /* TVDetailViewController.m */; };
		555C1B891EC2DCD500FCED35 /* CompletedTodoViewController.m in Sources */ = {isa = PBXBuildFile; fileRef = 555C1B881EC2DCD500FCED35 /* CompletedTodoViewController.m */; };
		555C1B8C1EC2DD8500FCED35 /* TodoDetailViewController.m in Sources */ = {isa = PBXBuildFile; fileRef = 555C1B8B1EC2DD8500FCED35 /* TodoDetailViewController.m */; };
		555C1B901EC384BB00FCED35 /* FirebaseAPI.m in Sources */ = {isa = PBXBuildFile; fileRef = 555C1B8F1EC384BB00FCED35 /* FirebaseAPI.m */; };
		9DA1A6F50B8260C50AD7B15A /* libPods-CrossPlatformToDoList.a in Frameworks */ = {isa = PBXBuildFile; fileRef = BAF37D044505D625DF2DB3DF /* libPods-CrossPlatformToDoList.a */; };
/* End PBXBuildFile section */

/* Begin PBXContainerItemProxy section */
		555C1B421EC233B200FCED35 /* PBXContainerItemProxy */ = {
			isa = PBXContainerItemProxy;
			containerPortal = 555C1AFF1EC0DD8600FCED35 /* Project object */;
			proxyType = 1;
			remoteGlobalIDString = 555C1B3F1EC233B200FCED35;
			remoteInfo = "WatchkitTodoList Extension";
		};
		555C1B4E1EC233B200FCED35 /* PBXContainerItemProxy */ = {
			isa = PBXContainerItemProxy;
			containerPortal = 555C1AFF1EC0DD8600FCED35 /* Project object */;
			proxyType = 1;
			remoteGlobalIDString = 555C1B331EC233B100FCED35;
			remoteInfo = WatchkitTodoList;
		};
/* End PBXContainerItemProxy section */

/* Begin PBXCopyFilesBuildPhase section */
		555C1B541EC233B200FCED35 /* Embed App Extensions */ = {
			isa = PBXCopyFilesBuildPhase;
			buildActionMask = 2147483647;
			dstPath = "";
			dstSubfolderSpec = 13;
			files = (
				555C1B411EC233B200FCED35 /* WatchkitTodoList Extension.appex in Embed App Extensions */,
			);
			name = "Embed App Extensions";
			runOnlyForDeploymentPostprocessing = 0;
		};
		555C1B581EC233B200FCED35 /* Embed Watch Content */ = {
			isa = PBXCopyFilesBuildPhase;
			buildActionMask = 2147483647;
			dstPath = "$(CONTENTS_FOLDER_PATH)/Watch";
			dstSubfolderSpec = 16;
			files = (
				555C1B501EC233B200FCED35 /* WatchkitTodoList.app in Embed Watch Content */,
			);
			name = "Embed Watch Content";
			runOnlyForDeploymentPostprocessing = 0;
		};
/* End PBXCopyFilesBuildPhase section */

/* Begin PBXFileReference section */
		4582A9F9E00F8417B236C966 /* Pods-CrossPlatformToDoList.debug.xcconfig */ = {isa = PBXFileReference; includeInIndex = 1; lastKnownFileType = text.xcconfig; name = "Pods-CrossPlatformToDoList.debug.xcconfig"; path = "Pods/Target Support Files/Pods-CrossPlatformToDoList/Pods-CrossPlatformToDoList.debug.xcconfig"; sourceTree = "<group>"; };
		5531060C1EC3C82E00A99865 /* TVSignInViewController.h */ = {isa = PBXFileReference; fileEncoding = 4; lastKnownFileType = sourcecode.c.h; path = TVSignInViewController.h; sourceTree = "<group>"; };
		5531060D1EC3C82E00A99865 /* TVSignInViewController.m */ = {isa = PBXFileReference; fileEncoding = 4; lastKnownFileType = sourcecode.c.objc; path = TVSignInViewController.m; sourceTree = "<group>"; };
		555C1B071EC0DD8600FCED35 /* CrossPlatformToDoList.app */ = {isa = PBXFileReference; explicitFileType = wrapper.application; includeInIndex = 0; path = CrossPlatformToDoList.app; sourceTree = BUILT_PRODUCTS_DIR; };
		555C1B0B1EC0DD8600FCED35 /* main.m */ = {isa = PBXFileReference; lastKnownFileType = sourcecode.c.objc; path = main.m; sourceTree = "<group>"; };
		555C1B0D1EC0DD8600FCED35 /* AppDelegate.h */ = {isa = PBXFileReference; lastKnownFileType = sourcecode.c.h; path = AppDelegate.h; sourceTree = "<group>"; };
		555C1B0E1EC0DD8600FCED35 /* AppDelegate.m */ = {isa = PBXFileReference; lastKnownFileType = sourcecode.c.objc; path = AppDelegate.m; sourceTree = "<group>"; };
		555C1B141EC0DD8700FCED35 /* Base */ = {isa = PBXFileReference; lastKnownFileType = file.storyboard; name = Base; path = Base.lproj/Main.storyboard; sourceTree = "<group>"; };
		555C1B161EC0DD8700FCED35 /* Assets.xcassets */ = {isa = PBXFileReference; lastKnownFileType = folder.assetcatalog; path = Assets.xcassets; sourceTree = "<group>"; };
		555C1B191EC0DD8700FCED35 /* Base */ = {isa = PBXFileReference; lastKnownFileType = file.storyboard; name = Base; path = Base.lproj/LaunchScreen.storyboard; sourceTree = "<group>"; };
		555C1B1B1EC0DD8700FCED35 /* Info.plist */ = {isa = PBXFileReference; lastKnownFileType = text.plist.xml; path = Info.plist; sourceTree = "<group>"; };
		555C1B211EC0DFFE00FCED35 /* GoogleService-Info.plist */ = {isa = PBXFileReference; fileEncoding = 4; lastKnownFileType = text.plist.xml; path = "GoogleService-Info.plist"; sourceTree = "<group>"; };
		555C1B241EC0EBE300FCED35 /* LoginViewController.h */ = {isa = PBXFileReference; fileEncoding = 4; lastKnownFileType = sourcecode.c.h; path = LoginViewController.h; sourceTree = "<group>"; };
		555C1B251EC0EBE300FCED35 /* LoginViewController.m */ = {isa = PBXFileReference; fileEncoding = 4; lastKnownFileType = sourcecode.c.objc; path = LoginViewController.m; sourceTree = "<group>"; };
		555C1B281EC0EFB900FCED35 /* HomeViewController.h */ = {isa = PBXFileReference; fileEncoding = 4; lastKnownFileType = sourcecode.c.h; path = HomeViewController.h; sourceTree = "<group>"; };
		555C1B291EC0EFB900FCED35 /* HomeViewController.m */ = {isa = PBXFileReference; fileEncoding = 4; lastKnownFileType = sourcecode.c.objc; path = HomeViewController.m; sourceTree = "<group>"; };
		555C1B2C1EC10E6300FCED35 /* NewTodoViewController.h */ = {isa = PBXFileReference; fileEncoding = 4; lastKnownFileType = sourcecode.c.h; path = NewTodoViewController.h; sourceTree = "<group>"; };
		555C1B2D1EC10E6300FCED35 /* NewTodoViewController.m */ = {isa = PBXFileReference; fileEncoding = 4; lastKnownFileType = sourcecode.c.objc; path = NewTodoViewController.m; sourceTree = "<group>"; };
		555C1B2F1EC1430200FCED35 /* Todo.h */ = {isa = PBXFileReference; fileEncoding = 4; lastKnownFileType = sourcecode.c.h; path = Todo.h; sourceTree = "<group>"; };
		555C1B301EC1430200FCED35 /* Todo.m */ = {isa = PBXFileReference; fileEncoding = 4; lastKnownFileType = sourcecode.c.objc; path = Todo.m; sourceTree = "<group>"; };
		555C1B341EC233B200FCED35 /* WatchkitTodoList.app */ = {isa = PBXFileReference; explicitFileType = wrapper.application; includeInIndex = 0; path = WatchkitTodoList.app; sourceTree = BUILT_PRODUCTS_DIR; };
		555C1B371EC233B200FCED35 /* Base */ = {isa = PBXFileReference; lastKnownFileType = file.storyboard; name = Base; path = Base.lproj/Interface.storyboard; sourceTree = "<group>"; };
		555C1B391EC233B200FCED35 /* Assets.xcassets */ = {isa = PBXFileReference; lastKnownFileType = folder.assetcatalog; path = Assets.xcassets; sourceTree = "<group>"; };
		555C1B3B1EC233B200FCED35 /* Info.plist */ = {isa = PBXFileReference; lastKnownFileType = text.plist.xml; path = Info.plist; sourceTree = "<group>"; };
		555C1B401EC233B200FCED35 /* WatchkitTodoList Extension.appex */ = {isa = PBXFileReference; explicitFileType = "wrapper.app-extension"; includeInIndex = 0; path = "WatchkitTodoList Extension.appex"; sourceTree = BUILT_PRODUCTS_DIR; };
		555C1B481EC233B200FCED35 /* ExtensionDelegate.h */ = {isa = PBXFileReference; lastKnownFileType = sourcecode.c.h; path = ExtensionDelegate.h; sourceTree = "<group>"; };
		555C1B491EC233B200FCED35 /* ExtensionDelegate.m */ = {isa = PBXFileReference; lastKnownFileType = sourcecode.c.objc; path = ExtensionDelegate.m; sourceTree = "<group>"; };
		555C1B4B1EC233B200FCED35 /* Assets.xcassets */ = {isa = PBXFileReference; lastKnownFileType = folder.assetcatalog; path = Assets.xcassets; sourceTree = "<group>"; };
		555C1B4D1EC233B200FCED35 /* Info.plist */ = {isa = PBXFileReference; lastKnownFileType = text.plist.xml; path = Info.plist; sourceTree = "<group>"; };
		555C1B591EC23F4F00FCED35 /* TodoRowController.h */ = {isa = PBXFileReference; fileEncoding = 4; lastKnownFileType = sourcecode.c.h; path = TodoRowController.h; sourceTree = "<group>"; };
		555C1B5A1EC23F4F00FCED35 /* TodoRowController.m */ = {isa = PBXFileReference; fileEncoding = 4; lastKnownFileType = sourcecode.c.objc; path = TodoRowController.m; sourceTree = "<group>"; };
		555C1B611EC246C800FCED35 /* TVTodoList.app */ = {isa = PBXFileReference; explicitFileType = wrapper.application; includeInIndex = 0; path = TVTodoList.app; sourceTree = BUILT_PRODUCTS_DIR; };
		555C1B641EC246C800FCED35 /* main.m */ = {isa = PBXFileReference; lastKnownFileType = sourcecode.c.objc; path = main.m; sourceTree = "<group>"; };
		555C1B661EC246C800FCED35 /* AppDelegate.h */ = {isa = PBXFileReference; lastKnownFileType = sourcecode.c.h; path = AppDelegate.h; sourceTree = "<group>"; };
		555C1B671EC246C800FCED35 /* AppDelegate.m */ = {isa = PBXFileReference; lastKnownFileType = sourcecode.c.objc; path = AppDelegate.m; sourceTree = "<group>"; };
		555C1B6D1EC246C800FCED35 /* Base */ = {isa = PBXFileReference; lastKnownFileType = file.storyboard; name = Base; path = Base.lproj/Main.storyboard; sourceTree = "<group>"; };
		555C1B6F1EC246C800FCED35 /* Assets.xcassets */ = {isa = PBXFileReference; lastKnownFileType = folder.assetcatalog; path = Assets.xcassets; sourceTree = "<group>"; };
		555C1B711EC246C800FCED35 /* Info.plist */ = {isa = PBXFileReference; lastKnownFileType = text.plist.xml; path = Info.plist; sourceTree = "<group>"; };
		555C1B781EC248AF00FCED35 /* TVHomeViewController.h */ = {isa = PBXFileReference; fileEncoding = 4; lastKnownFileType = sourcecode.c.h; path = TVHomeViewController.h; sourceTree = "<group>"; };
		555C1B791EC248AF00FCED35 /* TVHomeViewController.m */ = {isa = PBXFileReference; fileEncoding = 4; lastKnownFileType = sourcecode.c.objc; path = TVHomeViewController.m; sourceTree = "<group>"; };
		555C1B7C1EC26DD400FCED35 /* WatchToDoDetailController.h */ = {isa = PBXFileReference; fileEncoding = 4; lastKnownFileType = sourcecode.c.h; path = WatchToDoDetailController.h; sourceTree = "<group>"; };
		555C1B7D1EC26DD400FCED35 /* WatchToDoDetailController.m */ = {isa = PBXFileReference; fileEncoding = 4; lastKnownFileType = sourcecode.c.objc; path = WatchToDoDetailController.m; sourceTree = "<group>"; };
		555C1B7F1EC28E1C00FCED35 /* HomeInterfaceController.h */ = {isa = PBXFileReference; fileEncoding = 4; lastKnownFileType = sourcecode.c.h; path = HomeInterfaceController.h; sourceTree = "<group>"; };
		555C1B801EC28E1C00FCED35 /* HomeInterfaceController.m */ = {isa = PBXFileReference; fileEncoding = 4; lastKnownFileType = sourcecode.c.objc; path = HomeInterfaceController.m; sourceTree = "<group>"; };
		555C1B821EC2CBE300FCED35 /* TVDetailViewController.h */ = {isa = PBXFileReference; fileEncoding = 4; lastKnownFileType = sourcecode.c.h; path = TVDetailViewController.h; sourceTree = "<group>"; };
		555C1B831EC2CBE300FCED35 /* TVDetailViewController.m */ = {isa = PBXFileReference; fileEncoding = 4; lastKnownFileType = sourcecode.c.objc; path = TVDetailViewController.m; sourceTree = "<group>"; };
		555C1B871EC2DCD500FCED35 /* CompletedTodoViewController.h */ = {isa = PBXFileReference; fileEncoding = 4; lastKnownFileType = sourcecode.c.h; path = CompletedTodoViewController.h; sourceTree = "<group>"; };
		555C1B881EC2DCD500FCED35 /* CompletedTodoViewController.m */ = {isa = PBXFileReference; fileEncoding = 4; lastKnownFileType = sourcecode.c.objc; path = CompletedTodoViewController.m; sourceTree = "<group>"; };
		555C1B8A1EC2DD8500FCED35 /* TodoDetailViewController.h */ = {isa = PBXFileReference; fileEncoding = 4; lastKnownFileType = sourcecode.c.h; path = TodoDetailViewController.h; sourceTree = "<group>"; };
		555C1B8B1EC2DD8500FCED35 /* TodoDetailViewController.m */ = {isa = PBXFileReference; fileEncoding = 4; lastKnownFileType = sourcecode.c.objc; path = TodoDetailViewController.m; sourceTree = "<group>"; };
		555C1B8D1EC382BB00FCED35 /* Credentials.h */ = {isa = PBXFileReference; fileEncoding = 4; lastKnownFileType = sourcecode.c.h; path = Credentials.h; sourceTree = "<group>"; };
		555C1B8E1EC384BB00FCED35 /* FirebaseAPI.h */ = {isa = PBXFileReference; fileEncoding = 4; lastKnownFileType = sourcecode.c.h; path = FirebaseAPI.h; sourceTree = "<group>"; };
		555C1B8F1EC384BB00FCED35 /* FirebaseAPI.m */ = {isa = PBXFileReference; fileEncoding = 4; lastKnownFileType = sourcecode.c.objc; path = FirebaseAPI.m; sourceTree = "<group>"; };
		7C417EC212983C2A6D47D22B /* Pods-CrossPlatformToDoList.release.xcconfig */ = {isa = PBXFileReference; includeInIndex = 1; lastKnownFileType = text.xcconfig; name = "Pods-CrossPlatformToDoList.release.xcconfig"; path = "Pods/Target Support Files/Pods-CrossPlatformToDoList/Pods-CrossPlatformToDoList.release.xcconfig"; sourceTree = "<group>"; };
		BAF37D044505D625DF2DB3DF /* libPods-CrossPlatformToDoList.a */ = {isa = PBXFileReference; explicitFileType = archive.ar; includeInIndex = 0; path = "libPods-CrossPlatformToDoList.a"; sourceTree = BUILT_PRODUCTS_DIR; };
/* End PBXFileReference section */

/* Begin PBXFrameworksBuildPhase section */
		555C1B041EC0DD8600FCED35 /* Frameworks */ = {
			isa = PBXFrameworksBuildPhase;
			buildActionMask = 2147483647;
			files = (
				9DA1A6F50B8260C50AD7B15A /* libPods-CrossPlatformToDoList.a in Frameworks */,
			);
			runOnlyForDeploymentPostprocessing = 0;
		};
		555C1B3D1EC233B200FCED35 /* Frameworks */ = {
			isa = PBXFrameworksBuildPhase;
			buildActionMask = 2147483647;
			files = (
			);
			runOnlyForDeploymentPostprocessing = 0;
		};
		555C1B5E1EC246C800FCED35 /* Frameworks */ = {
			isa = PBXFrameworksBuildPhase;
			buildActionMask = 2147483647;
			files = (
			);
			runOnlyForDeploymentPostprocessing = 0;
		};
/* End PBXFrameworksBuildPhase section */

/* Begin PBXGroup section */
		555C1AFE1EC0DD8600FCED35 = {
			isa = PBXGroup;
			children = (
				555C1B091EC0DD8600FCED35 /* CrossPlatformToDoList */,
				555C1B351EC233B200FCED35 /* WatchkitTodoList */,
				555C1B441EC233B200FCED35 /* WatchkitTodoList Extension */,
				555C1B621EC246C800FCED35 /* TVTodoList */,
				555C1B081EC0DD8600FCED35 /* Products */,
				61DC0DAD0CF7A3AB9FB52AD2 /* Pods */,
				64C4F41E1B24F4C7A63977EC /* Frameworks */,
			);
			sourceTree = "<group>";
		};
		555C1B081EC0DD8600FCED35 /* Products */ = {
			isa = PBXGroup;
			children = (
				555C1B071EC0DD8600FCED35 /* CrossPlatformToDoList.app */,
				555C1B341EC233B200FCED35 /* WatchkitTodoList.app */,
				555C1B401EC233B200FCED35 /* WatchkitTodoList Extension.appex */,
				555C1B611EC246C800FCED35 /* TVTodoList.app */,
			);
			name = Products;
			sourceTree = "<group>";
		};
		555C1B091EC0DD8600FCED35 /* CrossPlatformToDoList */ = {
			isa = PBXGroup;
			children = (
				555C1B2B1EC0F8B800FCED35 /* Model */,
				555C1B271EC0EBED00FCED35 /* Controller */,
				555C1B231EC0EB6D00FCED35 /* View */,
				555C1B161EC0DD8700FCED35 /* Assets.xcassets */,
				555C1B0A1EC0DD8600FCED35 /* Supporting Files */,
			);
			path = CrossPlatformToDoList;
			sourceTree = "<group>";
		};
		555C1B0A1EC0DD8600FCED35 /* Supporting Files */ = {
			isa = PBXGroup;
			children = (
				555C1B0D1EC0DD8600FCED35 /* AppDelegate.h */,
				555C1B0E1EC0DD8600FCED35 /* AppDelegate.m */,
				555C1B211EC0DFFE00FCED35 /* GoogleService-Info.plist */,
				555C1B1B1EC0DD8700FCED35 /* Info.plist */,
				555C1B0B1EC0DD8600FCED35 /* main.m */,
			);
			name = "Supporting Files";
			sourceTree = "<group>";
		};
		555C1B231EC0EB6D00FCED35 /* View */ = {
			isa = PBXGroup;
			children = (
				555C1B181EC0DD8700FCED35 /* LaunchScreen.storyboard */,
				555C1B131EC0DD8700FCED35 /* Main.storyboard */,
			);
			name = View;
			sourceTree = "<group>";
		};
		555C1B271EC0EBED00FCED35 /* Controller */ = {
			isa = PBXGroup;
			children = (
				555C1B871EC2DCD500FCED35 /* CompletedTodoViewController.h */,
				555C1B881EC2DCD500FCED35 /* CompletedTodoViewController.m */,
				555C1B281EC0EFB900FCED35 /* HomeViewController.h */,
				555C1B291EC0EFB900FCED35 /* HomeViewController.m */,
				555C1B241EC0EBE300FCED35 /* LoginViewController.h */,
				555C1B251EC0EBE300FCED35 /* LoginViewController.m */,
				555C1B2C1EC10E6300FCED35 /* NewTodoViewController.h */,
				555C1B2D1EC10E6300FCED35 /* NewTodoViewController.m */,
				555C1B8A1EC2DD8500FCED35 /* TodoDetailViewController.h */,
				555C1B8B1EC2DD8500FCED35 /* TodoDetailViewController.m */,
			);
			name = Controller;
			sourceTree = "<group>";
		};
		555C1B2B1EC0F8B800FCED35 /* Model */ = {
			isa = PBXGroup;
			children = (
				555C1B2F1EC1430200FCED35 /* Todo.h */,
				555C1B301EC1430200FCED35 /* Todo.m */,
			);
			name = Model;
			sourceTree = "<group>";
		};
		555C1B351EC233B200FCED35 /* WatchkitTodoList */ = {
			isa = PBXGroup;
			children = (
				555C1B361EC233B200FCED35 /* Interface.storyboard */,
				555C1B391EC233B200FCED35 /* Assets.xcassets */,
				555C1B3B1EC233B200FCED35 /* Info.plist */,
			);
			path = WatchkitTodoList;
			sourceTree = "<group>";
		};
		555C1B441EC233B200FCED35 /* WatchkitTodoList Extension */ = {
			isa = PBXGroup;
			children = (
				555C1B7F1EC28E1C00FCED35 /* HomeInterfaceController.h */,
				555C1B801EC28E1C00FCED35 /* HomeInterfaceController.m */,
				555C1B7C1EC26DD400FCED35 /* WatchToDoDetailController.h */,
				555C1B7D1EC26DD400FCED35 /* WatchToDoDetailController.m */,
				555C1B591EC23F4F00FCED35 /* TodoRowController.h */,
				555C1B5A1EC23F4F00FCED35 /* TodoRowController.m */,
				555C1B481EC233B200FCED35 /* ExtensionDelegate.h */,
				555C1B491EC233B200FCED35 /* ExtensionDelegate.m */,
				555C1B4B1EC233B200FCED35 /* Assets.xcassets */,
				555C1B4D1EC233B200FCED35 /* Info.plist */,
			);
			path = "WatchkitTodoList Extension";
			sourceTree = "<group>";
		};
		555C1B621EC246C800FCED35 /* TVTodoList */ = {
			isa = PBXGroup;
			children = (
				555C1B911EC384BF00FCED35 /* Model */,
				555C1B851EC2CC3500FCED35 /* Controller */,
				555C1B861EC2CC5500FCED35 /* View */,
				555C1B631EC246C800FCED35 /* Supporting Files */,
			);
			path = TVTodoList;
			sourceTree = "<group>";
		};
		555C1B631EC246C800FCED35 /* Supporting Files */ = {
			isa = PBXGroup;
			children = (
				555C1B8D1EC382BB00FCED35 /* Credentials.h */,
				555C1B6F1EC246C800FCED35 /* Assets.xcassets */,
				555C1B711EC246C800FCED35 /* Info.plist */,
				555C1B661EC246C800FCED35 /* AppDelegate.h */,
				555C1B671EC246C800FCED35 /* AppDelegate.m */,
				555C1B641EC246C800FCED35 /* main.m */,
			);
			name = "Supporting Files";
			sourceTree = "<group>";
		};
		555C1B851EC2CC3500FCED35 /* Controller */ = {
			isa = PBXGroup;
			children = (
				5531060C1EC3C82E00A99865 /* TVSignInViewController.h */,
				5531060D1EC3C82E00A99865 /* TVSignInViewController.m */,
				555C1B781EC248AF00FCED35 /* TVHomeViewController.h */,
				555C1B791EC248AF00FCED35 /* TVHomeViewController.m */,
				555C1B821EC2CBE300FCED35 /* TVDetailViewController.h */,
				555C1B831EC2CBE300FCED35 /* TVDetailViewController.m */,
			);
			name = Controller;
			sourceTree = "<group>";
		};
		555C1B861EC2CC5500FCED35 /* View */ = {
			isa = PBXGroup;
			children = (
				555C1B6C1EC246C800FCED35 /* Main.storyboard */,
			);
			name = View;
			sourceTree = "<group>";
		};
		555C1B911EC384BF00FCED35 /* Model */ = {
			isa = PBXGroup;
			children = (
				555C1B8E1EC384BB00FCED35 /* FirebaseAPI.h */,
				555C1B8F1EC384BB00FCED35 /* FirebaseAPI.m */,
			);
			name = Model;
			sourceTree = "<group>";
		};
		61DC0DAD0CF7A3AB9FB52AD2 /* Pods */ = {
			isa = PBXGroup;
			children = (
				4582A9F9E00F8417B236C966 /* Pods-CrossPlatformToDoList.debug.xcconfig */,
				7C417EC212983C2A6D47D22B /* Pods-CrossPlatformToDoList.release.xcconfig */,
			);
			name = Pods;
			sourceTree = "<group>";
		};
		64C4F41E1B24F4C7A63977EC /* Frameworks */ = {
			isa = PBXGroup;
			children = (
				BAF37D044505D625DF2DB3DF /* libPods-CrossPlatformToDoList.a */,
			);
			name = Frameworks;
			sourceTree = "<group>";
		};
/* End PBXGroup section */

/* Begin PBXNativeTarget section */
		555C1B061EC0DD8600FCED35 /* CrossPlatformToDoList */ = {
			isa = PBXNativeTarget;
			buildConfigurationList = 555C1B1E1EC0DD8700FCED35 /* Build configuration list for PBXNativeTarget "CrossPlatformToDoList" */;
			buildPhases = (
				2E4F6C5C96A34E0D18F876EB /* [CP] Check Pods Manifest.lock */,
				555C1B031EC0DD8600FCED35 /* Sources */,
				555C1B041EC0DD8600FCED35 /* Frameworks */,
				555C1B051EC0DD8600FCED35 /* Resources */,
				590A9C4E38C327FE4A51B356 /* [CP] Embed Pods Frameworks */,
				87CD7D15579D74B6454DF862 /* [CP] Copy Pods Resources */,
				555C1B581EC233B200FCED35 /* Embed Watch Content */,
			);
			buildRules = (
			);
			dependencies = (
				555C1B4F1EC233B200FCED35 /* PBXTargetDependency */,
			);
			name = CrossPlatformToDoList;
			productName = CrossPlatformToDoList;
			productReference = 555C1B071EC0DD8600FCED35 /* CrossPlatformToDoList.app */;
			productType = "com.apple.product-type.application";
		};
		555C1B331EC233B100FCED35 /* WatchkitTodoList */ = {
			isa = PBXNativeTarget;
			buildConfigurationList = 555C1B551EC233B200FCED35 /* Build configuration list for PBXNativeTarget "WatchkitTodoList" */;
			buildPhases = (
				555C1B321EC233B100FCED35 /* Resources */,
				555C1B541EC233B200FCED35 /* Embed App Extensions */,
			);
			buildRules = (
			);
			dependencies = (
				555C1B431EC233B200FCED35 /* PBXTargetDependency */,
			);
			name = WatchkitTodoList;
			productName = WatchkitTodoList;
			productReference = 555C1B341EC233B200FCED35 /* WatchkitTodoList.app */;
			productType = "com.apple.product-type.application.watchapp2";
		};
		555C1B3F1EC233B200FCED35 /* WatchkitTodoList Extension */ = {
			isa = PBXNativeTarget;
			buildConfigurationList = 555C1B511EC233B200FCED35 /* Build configuration list for PBXNativeTarget "WatchkitTodoList Extension" */;
			buildPhases = (
				555C1B3C1EC233B200FCED35 /* Sources */,
				555C1B3D1EC233B200FCED35 /* Frameworks */,
				555C1B3E1EC233B200FCED35 /* Resources */,
			);
			buildRules = (
			);
			dependencies = (
			);
			name = "WatchkitTodoList Extension";
			productName = "WatchkitTodoList Extension";
			productReference = 555C1B401EC233B200FCED35 /* WatchkitTodoList Extension.appex */;
			productType = "com.apple.product-type.watchkit2-extension";
		};
		555C1B601EC246C800FCED35 /* TVTodoList */ = {
			isa = PBXNativeTarget;
			buildConfigurationList = 555C1B721EC246C800FCED35 /* Build configuration list for PBXNativeTarget "TVTodoList" */;
			buildPhases = (
				555C1B5D1EC246C800FCED35 /* Sources */,
				555C1B5E1EC246C800FCED35 /* Frameworks */,
				555C1B5F1EC246C800FCED35 /* Resources */,
			);
			buildRules = (
			);
			dependencies = (
			);
			name = TVTodoList;
			productName = TVTodoList;
			productReference = 555C1B611EC246C800FCED35 /* TVTodoList.app */;
			productType = "com.apple.product-type.application";
		};
/* End PBXNativeTarget section */

/* Begin PBXProject section */
		555C1AFF1EC0DD8600FCED35 /* Project object */ = {
			isa = PBXProject;
			attributes = {
				LastUpgradeCheck = 0830;
				ORGANIZATIONNAME = "Erica Winberry";
				TargetAttributes = {
					555C1B061EC0DD8600FCED35 = {
						CreatedOnToolsVersion = 8.3.1;
						DevelopmentTeam = 4YFWUVNT8L;
						ProvisioningStyle = Automatic;
					};
					555C1B331EC233B100FCED35 = {
						CreatedOnToolsVersion = 8.3.1;
						DevelopmentTeam = 4YFWUVNT8L;
						ProvisioningStyle = Automatic;
					};
					555C1B3F1EC233B200FCED35 = {
						CreatedOnToolsVersion = 8.3.1;
						DevelopmentTeam = 4YFWUVNT8L;
						ProvisioningStyle = Automatic;
					};
					555C1B601EC246C800FCED35 = {
						CreatedOnToolsVersion = 8.3.1;
						DevelopmentTeam = 4YFWUVNT8L;
						ProvisioningStyle = Automatic;
					};
				};
			};
			buildConfigurationList = 555C1B021EC0DD8600FCED35 /* Build configuration list for PBXProject "CrossPlatformToDoList" */;
			compatibilityVersion = "Xcode 3.2";
			developmentRegion = English;
			hasScannedForEncodings = 0;
			knownRegions = (
				en,
				Base,
			);
			mainGroup = 555C1AFE1EC0DD8600FCED35;
			productRefGroup = 555C1B081EC0DD8600FCED35 /* Products */;
			projectDirPath = "";
			projectRoot = "";
			targets = (
				555C1B061EC0DD8600FCED35 /* CrossPlatformToDoList */,
				555C1B331EC233B100FCED35 /* WatchkitTodoList */,
				555C1B3F1EC233B200FCED35 /* WatchkitTodoList Extension */,
				555C1B601EC246C800FCED35 /* TVTodoList */,
			);
		};
/* End PBXProject section */

/* Begin PBXResourcesBuildPhase section */
		555C1B051EC0DD8600FCED35 /* Resources */ = {
			isa = PBXResourcesBuildPhase;
			buildActionMask = 2147483647;
			files = (
				555C1B1A1EC0DD8700FCED35 /* LaunchScreen.storyboard in Resources */,
				555C1B221EC0DFFE00FCED35 /* GoogleService-Info.plist in Resources */,
				555C1B171EC0DD8700FCED35 /* Assets.xcassets in Resources */,
				555C1B151EC0DD8700FCED35 /* Main.storyboard in Resources */,
			);
			runOnlyForDeploymentPostprocessing = 0;
		};
		555C1B321EC233B100FCED35 /* Resources */ = {
			isa = PBXResourcesBuildPhase;
			buildActionMask = 2147483647;
			files = (
				555C1B3A1EC233B200FCED35 /* Assets.xcassets in Resources */,
				555C1B381EC233B200FCED35 /* Interface.storyboard in Resources */,
			);
			runOnlyForDeploymentPostprocessing = 0;
		};
		555C1B3E1EC233B200FCED35 /* Resources */ = {
			isa = PBXResourcesBuildPhase;
			buildActionMask = 2147483647;
			files = (
				555C1B4C1EC233B200FCED35 /* Assets.xcassets in Resources */,
			);
			runOnlyForDeploymentPostprocessing = 0;
		};
		555C1B5F1EC246C800FCED35 /* Resources */ = {
			isa = PBXResourcesBuildPhase;
			buildActionMask = 2147483647;
			files = (
				555C1B701EC246C800FCED35 /* Assets.xcassets in Resources */,
				555C1B6E1EC246C800FCED35 /* Main.storyboard in Resources */,
			);
			runOnlyForDeploymentPostprocessing = 0;
		};
/* End PBXResourcesBuildPhase section */

/* Begin PBXShellScriptBuildPhase section */
		2E4F6C5C96A34E0D18F876EB /* [CP] Check Pods Manifest.lock */ = {
			isa = PBXShellScriptBuildPhase;
			buildActionMask = 2147483647;
			files = (
			);
			inputPaths = (
			);
			name = "[CP] Check Pods Manifest.lock";
			outputPaths = (
			);
			runOnlyForDeploymentPostprocessing = 0;
			shellPath = /bin/sh;
			shellScript = "diff \"${PODS_PODFILE_DIR_PATH}/Podfile.lock\" \"${PODS_ROOT}/Manifest.lock\" > /dev/null\nif [ $? != 0 ] ; then\n    # print error to STDERR\n    echo \"error: The sandbox is not in sync with the Podfile.lock. Run 'pod install' or update your CocoaPods installation.\" >&2\n    exit 1\nfi\n";
			showEnvVarsInLog = 0;
		};
		590A9C4E38C327FE4A51B356 /* [CP] Embed Pods Frameworks */ = {
			isa = PBXShellScriptBuildPhase;
			buildActionMask = 2147483647;
			files = (
			);
			inputPaths = (
			);
			name = "[CP] Embed Pods Frameworks";
			outputPaths = (
			);
			runOnlyForDeploymentPostprocessing = 0;
			shellPath = /bin/sh;
			shellScript = "\"${SRCROOT}/Pods/Target Support Files/Pods-CrossPlatformToDoList/Pods-CrossPlatformToDoList-frameworks.sh\"\n";
			showEnvVarsInLog = 0;
		};
		87CD7D15579D74B6454DF862 /* [CP] Copy Pods Resources */ = {
			isa = PBXShellScriptBuildPhase;
			buildActionMask = 2147483647;
			files = (
			);
			inputPaths = (
			);
			name = "[CP] Copy Pods Resources";
			outputPaths = (
			);
			runOnlyForDeploymentPostprocessing = 0;
			shellPath = /bin/sh;
			shellScript = "\"${SRCROOT}/Pods/Target Support Files/Pods-CrossPlatformToDoList/Pods-CrossPlatformToDoList-resources.sh\"\n";
			showEnvVarsInLog = 0;
		};
/* End PBXShellScriptBuildPhase section */

/* Begin PBXSourcesBuildPhase section */
		555C1B031EC0DD8600FCED35 /* Sources */ = {
			isa = PBXSourcesBuildPhase;
			buildActionMask = 2147483647;
			files = (
				555C1B261EC0EBE300FCED35 /* LoginViewController.m in Sources */,
				555C1B311EC1430200FCED35 /* Todo.m in Sources */,
				555C1B0F1EC0DD8600FCED35 /* AppDelegate.m in Sources */,
				555C1B2A1EC0EFB900FCED35 /* HomeViewController.m in Sources */,
				555C1B2E1EC10E6300FCED35 /* NewTodoViewController.m in Sources */,
				555C1B8C1EC2DD8500FCED35 /* TodoDetailViewController.m in Sources */,
				555C1B891EC2DCD500FCED35 /* CompletedTodoViewController.m in Sources */,
				555C1B0C1EC0DD8600FCED35 /* main.m in Sources */,
			);
			runOnlyForDeploymentPostprocessing = 0;
		};
		555C1B3C1EC233B200FCED35 /* Sources */ = {
			isa = PBXSourcesBuildPhase;
			buildActionMask = 2147483647;
			files = (
				555C1B811EC28E1C00FCED35 /* HomeInterfaceController.m in Sources */,
				555C1B4A1EC233B200FCED35 /* ExtensionDelegate.m in Sources */,
				555C1B5B1EC23F4F00FCED35 /* TodoRowController.m in Sources */,
				555C1B7E1EC26DD400FCED35 /* WatchToDoDetailController.m in Sources */,
				555C1B5C1EC2427200FCED35 /* Todo.m in Sources */,
			);
			runOnlyForDeploymentPostprocessing = 0;
		};
		555C1B5D1EC246C800FCED35 /* Sources */ = {
			isa = PBXSourcesBuildPhase;
			buildActionMask = 2147483647;
			files = (
				555C1B681EC246C800FCED35 /* AppDelegate.m in Sources */,
				555C1B901EC384BB00FCED35 /* FirebaseAPI.m in Sources */,
				555C1B651EC246C800FCED35 /* main.m in Sources */,
				555C1B7A1EC248AF00FCED35 /* TVHomeViewController.m in Sources */,
				555C1B841EC2CBE300FCED35 /* TVDetailViewController.m in Sources */,
				555C1B7B1EC249CB00FCED35 /* Todo.m in Sources */,
				5531060E1EC3C82E00A99865 /* TVSignInViewController.m in Sources */,
			);
			runOnlyForDeploymentPostprocessing = 0;
		};
/* End PBXSourcesBuildPhase section */

/* Begin PBXTargetDependency section */
		555C1B431EC233B200FCED35 /* PBXTargetDependency */ = {
			isa = PBXTargetDependency;
			target = 555C1B3F1EC233B200FCED35 /* WatchkitTodoList Extension */;
			targetProxy = 555C1B421EC233B200FCED35 /* PBXContainerItemProxy */;
		};
		555C1B4F1EC233B200FCED35 /* PBXTargetDependency */ = {
			isa = PBXTargetDependency;
			target = 555C1B331EC233B100FCED35 /* WatchkitTodoList */;
			targetProxy = 555C1B4E1EC233B200FCED35 /* PBXContainerItemProxy */;
		};
/* End PBXTargetDependency section */

/* Begin PBXVariantGroup section */
		555C1B131EC0DD8700FCED35 /* Main.storyboard */ = {
			isa = PBXVariantGroup;
			children = (
				555C1B141EC0DD8700FCED35 /* Base */,
			);
			name = Main.storyboard;
			sourceTree = "<group>";
		};
		555C1B181EC0DD8700FCED35 /* LaunchScreen.storyboard */ = {
			isa = PBXVariantGroup;
			children = (
				555C1B191EC0DD8700FCED35 /* Base */,
			);
			name = LaunchScreen.storyboard;
			sourceTree = "<group>";
		};
		555C1B361EC233B200FCED35 /* Interface.storyboard */ = {
			isa = PBXVariantGroup;
			children = (
				555C1B371EC233B200FCED35 /* Base */,
			);
			name = Interface.storyboard;
			sourceTree = "<group>";
		};
		555C1B6C1EC246C800FCED35 /* Main.storyboard */ = {
			isa = PBXVariantGroup;
			children = (
				555C1B6D1EC246C800FCED35 /* Base */,
			);
			name = Main.storyboard;
			sourceTree = "<group>";
		};
/* End PBXVariantGroup section */

/* Begin XCBuildConfiguration section */
		555C1B1C1EC0DD8700FCED35 /* Debug */ = {
			isa = XCBuildConfiguration;
			buildSettings = {
				ALWAYS_SEARCH_USER_PATHS = NO;
				CLANG_ANALYZER_NONNULL = YES;
				CLANG_ANALYZER_NUMBER_OBJECT_CONVERSION = YES_AGGRESSIVE;
				CLANG_CXX_LANGUAGE_STANDARD = "gnu++0x";
				CLANG_CXX_LIBRARY = "libc++";
				CLANG_ENABLE_MODULES = YES;
				CLANG_ENABLE_OBJC_ARC = YES;
				CLANG_WARN_BOOL_CONVERSION = YES;
				CLANG_WARN_CONSTANT_CONVERSION = YES;
				CLANG_WARN_DIRECT_OBJC_ISA_USAGE = YES_ERROR;
				CLANG_WARN_DOCUMENTATION_COMMENTS = YES;
				CLANG_WARN_EMPTY_BODY = YES;
				CLANG_WARN_ENUM_CONVERSION = YES;
				CLANG_WARN_INFINITE_RECURSION = YES;
				CLANG_WARN_INT_CONVERSION = YES;
				CLANG_WARN_OBJC_ROOT_CLASS = YES_ERROR;
				CLANG_WARN_SUSPICIOUS_MOVE = YES;
				CLANG_WARN_UNREACHABLE_CODE = YES;
				CLANG_WARN__DUPLICATE_METHOD_MATCH = YES;
				"CODE_SIGN_IDENTITY[sdk=iphoneos*]" = "iPhone Developer";
				COPY_PHASE_STRIP = NO;
				DEBUG_INFORMATION_FORMAT = dwarf;
				ENABLE_STRICT_OBJC_MSGSEND = YES;
				ENABLE_TESTABILITY = YES;
				GCC_C_LANGUAGE_STANDARD = gnu99;
				GCC_DYNAMIC_NO_PIC = NO;
				GCC_NO_COMMON_BLOCKS = YES;
				GCC_OPTIMIZATION_LEVEL = 0;
				GCC_PREPROCESSOR_DEFINITIONS = (
					"DEBUG=1",
					"$(inherited)",
				);
				GCC_WARN_64_TO_32_BIT_CONVERSION = YES;
				GCC_WARN_ABOUT_RETURN_TYPE = YES_ERROR;
				GCC_WARN_UNDECLARED_SELECTOR = YES;
				GCC_WARN_UNINITIALIZED_AUTOS = YES_AGGRESSIVE;
				GCC_WARN_UNUSED_FUNCTION = YES;
				GCC_WARN_UNUSED_VARIABLE = YES;
				IPHONEOS_DEPLOYMENT_TARGET = 10.3;
				MTL_ENABLE_DEBUG_INFO = YES;
				ONLY_ACTIVE_ARCH = YES;
				SDKROOT = iphoneos;
				TARGETED_DEVICE_FAMILY = "1,2";
			};
			name = Debug;
		};
		555C1B1D1EC0DD8700FCED35 /* Release */ = {
			isa = XCBuildConfiguration;
			buildSettings = {
				ALWAYS_SEARCH_USER_PATHS = NO;
				CLANG_ANALYZER_NONNULL = YES;
				CLANG_ANALYZER_NUMBER_OBJECT_CONVERSION = YES_AGGRESSIVE;
				CLANG_CXX_LANGUAGE_STANDARD = "gnu++0x";
				CLANG_CXX_LIBRARY = "libc++";
				CLANG_ENABLE_MODULES = YES;
				CLANG_ENABLE_OBJC_ARC = YES;
				CLANG_WARN_BOOL_CONVERSION = YES;
				CLANG_WARN_CONSTANT_CONVERSION = YES;
				CLANG_WARN_DIRECT_OBJC_ISA_USAGE = YES_ERROR;
				CLANG_WARN_DOCUMENTATION_COMMENTS = YES;
				CLANG_WARN_EMPTY_BODY = YES;
				CLANG_WARN_ENUM_CONVERSION = YES;
				CLANG_WARN_INFINITE_RECURSION = YES;
				CLANG_WARN_INT_CONVERSION = YES;
				CLANG_WARN_OBJC_ROOT_CLASS = YES_ERROR;
				CLANG_WARN_SUSPICIOUS_MOVE = YES;
				CLANG_WARN_UNREACHABLE_CODE = YES;
				CLANG_WARN__DUPLICATE_METHOD_MATCH = YES;
				"CODE_SIGN_IDENTITY[sdk=iphoneos*]" = "iPhone Developer";
				COPY_PHASE_STRIP = NO;
				DEBUG_INFORMATION_FORMAT = "dwarf-with-dsym";
				ENABLE_NS_ASSERTIONS = NO;
				ENABLE_STRICT_OBJC_MSGSEND = YES;
				GCC_C_LANGUAGE_STANDARD = gnu99;
				GCC_NO_COMMON_BLOCKS = YES;
				GCC_WARN_64_TO_32_BIT_CONVERSION = YES;
				GCC_WARN_ABOUT_RETURN_TYPE = YES_ERROR;
				GCC_WARN_UNDECLARED_SELECTOR = YES;
				GCC_WARN_UNINITIALIZED_AUTOS = YES_AGGRESSIVE;
				GCC_WARN_UNUSED_FUNCTION = YES;
				GCC_WARN_UNUSED_VARIABLE = YES;
				IPHONEOS_DEPLOYMENT_TARGET = 10.3;
				MTL_ENABLE_DEBUG_INFO = NO;
				SDKROOT = iphoneos;
				TARGETED_DEVICE_FAMILY = "1,2";
				VALIDATE_PRODUCT = YES;
			};
			name = Release;
		};
		555C1B1F1EC0DD8700FCED35 /* Debug */ = {
			isa = XCBuildConfiguration;
			baseConfigurationReference = 4582A9F9E00F8417B236C966 /* Pods-CrossPlatformToDoList.debug.xcconfig */;
			buildSettings = {
				ASSETCATALOG_COMPILER_APPICON_NAME = AppIcon;
				DEVELOPMENT_TEAM = 4YFWUVNT8L;
				INFOPLIST_FILE = CrossPlatformToDoList/Info.plist;
				LD_RUNPATH_SEARCH_PATHS = "$(inherited) @executable_path/Frameworks";
				PRODUCT_BUNDLE_IDENTIFIER = com.ericawinberry.CrossPlatformToDoList;
				PRODUCT_NAME = "$(TARGET_NAME)";
			};
			name = Debug;
		};
		555C1B201EC0DD8700FCED35 /* Release */ = {
			isa = XCBuildConfiguration;
			baseConfigurationReference = 7C417EC212983C2A6D47D22B /* Pods-CrossPlatformToDoList.release.xcconfig */;
			buildSettings = {
				ASSETCATALOG_COMPILER_APPICON_NAME = AppIcon;
				DEVELOPMENT_TEAM = 4YFWUVNT8L;
				INFOPLIST_FILE = CrossPlatformToDoList/Info.plist;
				LD_RUNPATH_SEARCH_PATHS = "$(inherited) @executable_path/Frameworks";
				PRODUCT_BUNDLE_IDENTIFIER = com.ericawinberry.CrossPlatformToDoList;
				PRODUCT_NAME = "$(TARGET_NAME)";
			};
			name = Release;
		};
		555C1B521EC233B200FCED35 /* Debug */ = {
			isa = XCBuildConfiguration;
			buildSettings = {
				ASSETCATALOG_COMPILER_COMPLICATION_NAME = Complication;
				DEVELOPMENT_TEAM = 4YFWUVNT8L;
				INFOPLIST_FILE = "WatchkitTodoList Extension/Info.plist";
				LD_RUNPATH_SEARCH_PATHS = "$(inherited) @executable_path/Frameworks @executable_path/../../Frameworks";
				PRODUCT_BUNDLE_IDENTIFIER = com.ericawinberry.CrossPlatformToDoList.watchkitapp.watchkitextension;
				PRODUCT_NAME = "${TARGET_NAME}";
				SDKROOT = watchos;
				SKIP_INSTALL = YES;
				TARGETED_DEVICE_FAMILY = 4;
				WATCHOS_DEPLOYMENT_TARGET = 3.2;
			};
			name = Debug;
		};
		555C1B531EC233B200FCED35 /* Release */ = {
			isa = XCBuildConfiguration;
			buildSettings = {
				ASSETCATALOG_COMPILER_COMPLICATION_NAME = Complication;
				DEVELOPMENT_TEAM = 4YFWUVNT8L;
				INFOPLIST_FILE = "WatchkitTodoList Extension/Info.plist";
				LD_RUNPATH_SEARCH_PATHS = "$(inherited) @executable_path/Frameworks @executable_path/../../Frameworks";
				PRODUCT_BUNDLE_IDENTIFIER = com.ericawinberry.CrossPlatformToDoList.watchkitapp.watchkitextension;
				PRODUCT_NAME = "${TARGET_NAME}";
				SDKROOT = watchos;
				SKIP_INSTALL = YES;
				TARGETED_DEVICE_FAMILY = 4;
				WATCHOS_DEPLOYMENT_TARGET = 3.2;
			};
			name = Release;
		};
		555C1B561EC233B200FCED35 /* Debug */ = {
			isa = XCBuildConfiguration;
			buildSettings = {
				ASSETCATALOG_COMPILER_APPICON_NAME = AppIcon;
				DEVELOPMENT_TEAM = 4YFWUVNT8L;
				IBSC_MODULE = WatchkitTodoList_Extension;
				INFOPLIST_FILE = WatchkitTodoList/Info.plist;
				PRODUCT_BUNDLE_IDENTIFIER = com.ericawinberry.CrossPlatformToDoList.watchkitapp;
				PRODUCT_NAME = "$(TARGET_NAME)";
				SDKROOT = watchos;
				SKIP_INSTALL = YES;
				TARGETED_DEVICE_FAMILY = 4;
				WATCHOS_DEPLOYMENT_TARGET = 3.2;
			};
			name = Debug;
		};
		555C1B571EC233B200FCED35 /* Release */ = {
			isa = XCBuildConfiguration;
			buildSettings = {
				ASSETCATALOG_COMPILER_APPICON_NAME = AppIcon;
				DEVELOPMENT_TEAM = 4YFWUVNT8L;
				IBSC_MODULE = WatchkitTodoList_Extension;
				INFOPLIST_FILE = WatchkitTodoList/Info.plist;
				PRODUCT_BUNDLE_IDENTIFIER = com.ericawinberry.CrossPlatformToDoList.watchkitapp;
				PRODUCT_NAME = "$(TARGET_NAME)";
				SDKROOT = watchos;
				SKIP_INSTALL = YES;
				TARGETED_DEVICE_FAMILY = 4;
				WATCHOS_DEPLOYMENT_TARGET = 3.2;
			};
			name = Release;
		};
		555C1B731EC246C800FCED35 /* Debug */ = {
			isa = XCBuildConfiguration;
			buildSettings = {
				ASSETCATALOG_COMPILER_APPICON_NAME = "App Icon & Top Shelf Image";
				ASSETCATALOG_COMPILER_LAUNCHIMAGE_NAME = LaunchImage;
				DEVELOPMENT_TEAM = 4YFWUVNT8L;
				INFOPLIST_FILE = TVTodoList/Info.plist;
				LD_RUNPATH_SEARCH_PATHS = "$(inherited) @executable_path/Frameworks";
				PRODUCT_BUNDLE_IDENTIFIER = com.ericawinberry.TVTodoList;
				PRODUCT_NAME = "$(TARGET_NAME)";
				SDKROOT = appletvos;
				TARGETED_DEVICE_FAMILY = 3;
				TVOS_DEPLOYMENT_TARGET = 10.2;
			};
			name = Debug;
		};
		555C1B741EC246C800FCED35 /* Release */ = {
			isa = XCBuildConfiguration;
			buildSettings = {
				ASSETCATALOG_COMPILER_APPICON_NAME = "App Icon & Top Shelf Image";
				ASSETCATALOG_COMPILER_LAUNCHIMAGE_NAME = LaunchImage;
				DEVELOPMENT_TEAM = 4YFWUVNT8L;
				INFOPLIST_FILE = TVTodoList/Info.plist;
				LD_RUNPATH_SEARCH_PATHS = "$(inherited) @executable_path/Frameworks";
				PRODUCT_BUNDLE_IDENTIFIER = com.ericawinberry.TVTodoList;
				PRODUCT_NAME = "$(TARGET_NAME)";
				SDKROOT = appletvos;
				TARGETED_DEVICE_FAMILY = 3;
				TVOS_DEPLOYMENT_TARGET = 10.2;
			};
			name = Release;
		};
/* End XCBuildConfiguration section */

/* Begin XCConfigurationList section */
		555C1B021EC0DD8600FCED35 /* Build configuration list for PBXProject "CrossPlatformToDoList" */ = {
			isa = XCConfigurationList;
			buildConfigurations = (
				555C1B1C1EC0DD8700FCED35 /* Debug */,
				555C1B1D1EC0DD8700FCED35 /* Release */,
			);
			defaultConfigurationIsVisible = 0;
			defaultConfigurationName = Release;
		};
		555C1B1E1EC0DD8700FCED35 /* Build configuration list for PBXNativeTarget "CrossPlatformToDoList" */ = {
			isa = XCConfigurationList;
			buildConfigurations = (
				555C1B1F1EC0DD8700FCED35 /* Debug */,
				555C1B201EC0DD8700FCED35 /* Release */,
			);
			defaultConfigurationIsVisible = 0;
			defaultConfigurationName = Release;
		};
		555C1B511EC233B200FCED35 /* Build configuration list for PBXNativeTarget "WatchkitTodoList Extension" */ = {
			isa = XCConfigurationList;
			buildConfigurations = (
				555C1B521EC233B200FCED35 /* Debug */,
				555C1B531EC233B200FCED35 /* Release */,
			);
			defaultConfigurationIsVisible = 0;
			defaultConfigurationName = Release;
		};
		555C1B551EC233B200FCED35 /* Build configuration list for PBXNativeTarget "WatchkitTodoList" */ = {
			isa = XCConfigurationList;
			buildConfigurations = (
				555C1B561EC233B200FCED35 /* Debug */,
				555C1B571EC233B200FCED35 /* Release */,
			);
			defaultConfigurationIsVisible = 0;
			defaultConfigurationName = Release;
		};
		555C1B721EC246C800FCED35 /* Build configuration list for PBXNativeTarget "TVTodoList" */ = {
			isa = XCConfigurationList;
			buildConfigurations = (
				555C1B731EC246C800FCED35 /* Debug */,
				555C1B741EC246C800FCED35 /* Release */,
			);
			defaultConfigurationIsVisible = 0;
			defaultConfigurationName = Release;
		};
/* End XCConfigurationList section */
	};
	rootObject = 555C1AFF1EC0DD8600FCED35 /* Project object */;
}
